
Microsoft Visual Studio Solution File, Format Version 12.00
# Visual Studio Version 17
VisualStudioVersion = 17.0.32014.148
MinimumVisualStudioVersion = 10.0.40219.1
Project("{FAE04EC0-301F-11D3-BF4B-00C04F79EFBC}") = "OneWayListSimple", "OneWayListSimple\OneWayListSimple.csproj", "{2E6D0953-DE8D-4CAB-9C70-7029B3F2CD9C}"
EndProject
Global
	GlobalSection(SolutionConfigurationPlatforms) = preSolution
		Debug|Any CPU = Debug|Any CPU
		Release|Any CPU = Release|Any CPU
	EndGlobalSection
	GlobalSection(ProjectConfigurationPlatforms) = postSolution
		{2E6D0953-DE8D-4CAB-9C70-7029B3F2CD9C}.Debug|Any CPU.ActiveCfg = Debug|Any CPU
		{2E6D0953-DE8D-4CAB-9C70-7029B3F2CD9C}.Debug|Any CPU.Build.0 = Debug|Any CPU
		{2E6D0953-DE8D-4CAB-9C70-7029B3F2CD9C}.Release|Any CPU.ActiveCfg = Release|Any CPU
		{2E6D0953-DE8D-4CAB-9C70-7029B3F2CD9C}.Release|Any CPU.Build.0 = Release|Any CPU
	EndGlobalSection
	GlobalSection(SolutionProperties) = preSolution
		HideSolutionNode = FALSE
	EndGlobalSection
	GlobalSection(ExtensibilityGlobals) = postSolution
		SolutionGuid = {79A09631-94C3-40EF-88AC-72E37C11CF3D}
	EndGlobalSection
EndGlobal
